# This file is autogenerated, do not edit; changes may be undone by the next 'dep ensure'.


[[projects]]
  digest = "1:6187184f69efd82ef48558d39555a76a396fd0e72bca361ba4b7af292b485eab"
  name = "cloud.google.com/go"
  packages = ["compute/metadata"]
  pruneopts = ""
  revision = "d1ee711ee996fa74abaffbdb572963f368f215a9"
  version = "v0.49.0"

[[projects]]
  branch = "master"
  digest = "1:6978a38432a017763a148afbc7ce6491734b54292af7d3e969d84d2e9dd242e2"
  name = "github.com/Azure/go-ansiterm"
  packages = [
    ".",
    "winterm",
  ]
  pruneopts = ""
  revision = "d6e3b3328b783f23731bc4d058875b0371ff8109"

[[projects]]
  digest = "1:63e57618d792cccb87ad7cb8a0602e6205732beb3b01b0ea858fc4a5fd3ce8f1"
  name = "github.com/MakeNowJust/heredoc"
  packages = ["."]
  pruneopts = ""
  revision = "efb6ca8de9d5385c3963279701760e37637cf238"
  version = "v2.0.1"

[[projects]]
  digest = "1:c0952fb3cf9506cff577b4edf4458889570dcbd2902a7b90a1fd96bfbb97ccd8"
  name = "github.com/PuerkitoBio/purell"
  packages = ["."]
  pruneopts = ""
  revision = "44968752391892e1b0d0b821ee79e9a85fa13049"
  version = "v1.1.1"

[[projects]]
  branch = "master"
  digest = "1:331a419049c2be691e5ba1d24342fc77c7e767a80c666a18fd8a9f7b82419c1c"
  name = "github.com/PuerkitoBio/urlesc"
  packages = ["."]
  pruneopts = ""
  revision = "de5bf2ad457846296e2031421a34e2568e304e35"

[[projects]]
  digest = "1:d006584293547a5a28116ac4e02e250a07911e59b3db7fb1b7ab93c25721cdcb"
  name = "github.com/antlr/antlr4"
  packages = ["runtime/Go/antlr"]
  pruneopts = ""
  revision = "be58ebffde8e29c154192c019608f0a5b8e6a064"
  version = "4.7.2"

[[projects]]
  digest = "1:3fbdd1c39fb005519b1cb4a58723527614d78368868bb7e24a45526e2d5f1740"
  name = "github.com/antonmedv/expr"
  packages = [
    ".",
    "ast",
    "checker",
    "compiler",
    "internal/conf",
    "internal/file",
    "optimizer",
    "parser",
    "parser/gen",
    "vm",
  ]
  pruneopts = ""
  revision = "4d40254bf70e2ba6f90dea9cc5d36e96336bbe84"
  version = "v2.1.2"

[[projects]]
  digest = "1:ac2a05be7167c495fe8aaf8aaf62ecf81e78d2180ecb04e16778dc6c185c96a5"
  name = "github.com/beorn7/perks"
  packages = ["quantile"]
  pruneopts = ""
  revision = "37c8de3658fcb183f997c4e13e8337516ab753e6"
  version = "v1.0.1"

[[projects]]
  digest = "1:a6ee710e45210bafe11f2f28963571be2ac8809f9a7b675a6d2c02302a1ce1a9"
  name = "github.com/bouk/monkey"
  packages = ["."]
  pruneopts = ""
  revision = "5df1f207ff77e025801505ae4d903133a0b4353f"
  version = "v1.0.0"

[[projects]]
  digest = "1:0deddd908b6b4b768cfc272c16ee61e7088a60f7fe2f06c547bd3d8e1f8b8e77"
  name = "github.com/davecgh/go-spew"
  packages = ["spew"]
  pruneopts = ""
  revision = "8991bc29aa16c548c550c7ff78260e27b9ab7c73"
  version = "v1.1.1"

[[projects]]
  digest = "1:c05f1899f086e3b4613d94d9e6f7ba6f4b6587498a1aa6037c5c294b22f5a743"
  name = "github.com/docker/distribution"
  packages = [
    "digestset",
    "reference",
  ]
  pruneopts = ""
  revision = "2461543d988979529609e8cb6fca9ca190dc48da"
  version = "v2.7.1"

[[projects]]
  digest = "1:50a4629dd29d90473be834b7d6c502f310a269f06f31c069a8c6e2b4274a14b3"
  name = "github.com/docker/docker"
  packages = [
    "pkg/term",
    "pkg/term/windows",
  ]
  pruneopts = ""
  revision = "be7ac8be2ae072032a4005e8f232be3fc57e4127"

[[projects]]
  branch = "master"
  digest = "1:d6c13a378213e3de60445e49084b8a0a9ce582776dfc77927775dbeb3ff72a35"
  name = "github.com/docker/spdystream"
  packages = [
    ".",
    "spdy",
  ]
  pruneopts = ""
  revision = "6480d4af844c189cf5dd913db24ddd339d3a4f85"

[[projects]]
  digest = "1:03a98f5067540d81c4a163b21279c4ce5f158b78e9409921110635d2d7cb603d"
  name = "github.com/emicklei/go-restful"
  packages = [
    ".",
    "log",
  ]
  pruneopts = ""
  revision = "99f05a26a0a1c71e664ebe6a76d29b2c80333056"
  version = "v2.11.1"

[[projects]]
  digest = "1:dcefbadf4534c5ecac8573698fba6e6e601157bfa8f96aafe29df31ae582ef2a"
  name = "github.com/evanphx/json-patch"
  packages = ["."]
  pruneopts = ""
  revision = "afac545df32f2287a079e2dfb7ba2745a643747e"
  version = "v3.0.0"

[[projects]]
  branch = "master"
  digest = "1:549f95037fea25e00a5341ac6a169a5b3e5306be107f45260440107b779b74f9"
  name = "github.com/exponent-io/jsonpath"
  packages = ["."]
  pruneopts = ""
  revision = "d6023ce2651d8eafb5c75bb0c7167536102ec9f5"

[[projects]]
  branch = "master"
  digest = "1:ec95c1c49fbec27ab5383b9c47fae5c2fe1d97ac5b41d36d78e17588a44e9f3f"
  name = "github.com/ghodss/yaml"
  packages = ["."]
  pruneopts = ""
  revision = "25d852aebe32c875e9c044af3eef9c7dc6bc777f"

[[projects]]
  digest = "1:47688961daa2895c860642608d671822b7b53fed1e3e3e2d46506f01dcddaae3"
  name = "github.com/go-openapi/jsonpointer"
  packages = ["."]
  pruneopts = ""
  revision = "ed123515f087412cd7ef02e49b0b0a5e6a79a360"
  version = "v0.19.3"

[[projects]]
  digest = "1:69c513ad15614075cbb474bc636fbb901aa3e9273a6da3d583df76fa62ec83d3"
  name = "github.com/go-openapi/jsonreference"
  packages = ["."]
  pruneopts = ""
  revision = "82f31475a8f7a12bc26962f6e26ceade8ea6f66a"
  version = "v0.19.3"

[[projects]]
  digest = "1:4b44076c920b8d25526a6c492b886e79a41a09164021a614aae8f6aeb42721bd"
  name = "github.com/go-openapi/spec"
  packages = ["."]
  pruneopts = ""
  revision = "8557d72e4f077c2dbe1e48df09e596b6fb9b7991"
  version = "v0.19.4"

[[projects]]
  digest = "1:fb1a3f651afb10230982d116bef8cb05dff148c5d3243c8ed79ef78d51f1ebe7"
  name = "github.com/go-openapi/swag"
  packages = ["."]
  pruneopts = ""
  revision = "c3d0f7896d589f3babb99eea24bbc7de98108e72"
  version = "v0.19.5"

[[projects]]
  digest = "1:d69d2ba23955582a64e367ff2b0808cdbd048458c178cea48f11ab8c40bd7aea"
  name = "github.com/gogo/protobuf"
  packages = [
    "proto",
    "sortkeys",
  ]
  pruneopts = ""
  revision = "5628607bb4c51c3157aacc3a50f0ab707582b805"
  version = "v1.3.1"

[[projects]]
  branch = "master"
  digest = "1:156e8134a4ab3efcbcbc6e3dd5069bfb70ed8cbb1cdd7db557bd9035c363f335"
  name = "github.com/golang/groupcache"
  packages = ["lru"]
  pruneopts = ""
  revision = "611e8accdfc92c4187d399e95ce826046d4c8d73"

[[projects]]
  digest = "1:b852d2b62be24e445fcdbad9ce3015b44c207815d631230dfce3f14e7803f5bf"
  name = "github.com/golang/protobuf"
  packages = [
    "proto",
    "ptypes",
    "ptypes/any",
    "ptypes/duration",
    "ptypes/timestamp",
  ]
  pruneopts = ""
  revision = "6c65a5562fc06764971b7c5d05c76c75e84bdbf7"
  version = "v1.3.2"

[[projects]]
  digest = "1:1e5b1e14524ed08301977b7b8e10c719ed853cbf3f24ecb66fae783a46f207a6"
  name = "github.com/google/btree"
  packages = ["."]
  pruneopts = ""
  revision = "4030bb1f1f0c35b30ca7009e9ebd06849dd45306"
  version = "v1.0.0"

[[projects]]
  digest = "1:9fcb267c272bc5054564b392e3ff7e65e35400fd9914afb1d169f92b95e7dbc9"
  name = "github.com/google/go-cmp"
  packages = [
    "cmp",
    "cmp/internal/diff",
    "cmp/internal/flags",
    "cmp/internal/function",
    "cmp/internal/value",
  ]
  pruneopts = ""
  revision = "2d0692c2e9617365a95b295612ac0d4415ba4627"
  version = "v0.3.1"

[[projects]]
  digest = "1:8d4a577a9643f713c25a32151c0f26af7228b4b97a219b5ddb7fd38d16f6e673"
  name = "github.com/google/gofuzz"
  packages = ["."]
  pruneopts = ""
  revision = "f140a6486e521aad38f5917de355cbf147cc0496"
  version = "v1.0.0"

[[projects]]
  digest = "1:ad92aa49f34cbc3546063c7eb2cabb55ee2278b72842eda80e2a20a8a06a8d73"
  name = "github.com/google/uuid"
  packages = ["."]
  pruneopts = ""
  revision = "0cd6bf5da1e1c83f8b45653022c74f71af0538a4"
  version = "v1.1.1"

[[projects]]
  digest = "1:728f28282e0edc47e2d8f41c9ec1956ad645ad6b15e6376ab31e2c3b094fc38f"
  name = "github.com/googleapis/gnostic"
  packages = [
    "OpenAPIv2",
    "compiler",
    "extensions",
  ]
  pruneopts = ""
  revision = "ab0dd09aa10e2952b28e12ecd35681b20463ebab"
  version = "v0.3.1"

[[projects]]
  branch = "master"
  digest = "1:e1fd67b5695fb12f54f979606c5d650a5aa72ef242f8e71072bfd4f7b5a141a0"
  name = "github.com/gregjones/httpcache"
  packages = [
    ".",
    "diskcache",
  ]
  pruneopts = ""
  revision = "901d90724c7919163f472a9812253fb26761123d"

[[projects]]
  digest = "1:7f6f07500a0b7d3766b00fa466040b97f2f5b5f3eef2ecabfe516e703b05119a"
  name = "github.com/hashicorp/golang-lru"
  packages = [
    ".",
    "simplelru",
  ]
  pruneopts = ""
  revision = "7f827b33c0f158ec5dfbba01bb0b14a4541fd81d"
  version = "v0.5.3"

[[projects]]
  digest = "1:6906c992632a66c125bd44e68a7abc354d9eda683e451b5c2d9b1614d15d4f18"
  name = "github.com/imdario/mergo"
  packages = ["."]
  pruneopts = ""
  revision = "1afb36080aec31e0d1528973ebe6721b191b0369"
  version = "v0.3.8"

[[projects]]
  digest = "1:870d441fe217b8e689d7949fef6e43efbc787e50f200cb1e70dbca9204a1d6be"
  name = "github.com/inconshreveable/mousetrap"
  packages = ["."]
  pruneopts = ""
  revision = "76626ae9c91c4f2a10f34cad8ce83ea42c93bb75"
  version = "v1.0"

[[projects]]
  digest = "1:64bdeae058b988b2b198326b1ca6155497e904e697348d838add8a6e4c25842e"
  name = "github.com/json-iterator/go"
  packages = ["."]
  pruneopts = ""
  revision = "03217c3e97663914aec3faafde50d081f197a0a2"
  version = "v1.1.8"

[[projects]]
  branch = "master"
  digest = "1:14a9763035ddd561bd2434463ff342a5cec5fd94730d2bd33d21a14714ee57e1"
  name = "github.com/juju/ansiterm"
  packages = [
    ".",
    "tabwriter",
  ]
  pruneopts = ""
  revision = "720a0952cc2ac777afc295d9861263e2a4cf96a1"

[[projects]]
  digest = "1:0f51cee70b0d254dbc93c22666ea2abf211af81c1701a96d04e2284b408621db"
  name = "github.com/konsorten/go-windows-terminal-sequences"
  packages = ["."]
  pruneopts = ""
  revision = "f55edac94c9bbba5d6182a4be46d86a2c9b5b50e"
  version = "v1.0.2"

[[projects]]
  branch = "master"
  digest = "1:93018a4331df9925058905133cb997aec8f54d5303f4536a23e49b5648632d06"
  name = "github.com/liggitt/tabwriter"
  packages = ["."]
  pruneopts = ""
  revision = "89fcab3d43de07060e4fd4c1547430ed57e87f24"

[[projects]]
  digest = "1:b60ba8f16c4bd2c27ddab8c95f045d1275df450b28d0d95513a9e70c8ae9910c"
  name = "github.com/lunixbochs/vtclean"
  packages = ["."]
  pruneopts = ""
  revision = "88cfb0c2efe8ed7b0ccf0af83db39359829027bb"
  version = "v1.0.0"

[[projects]]
  digest = "1:263db331ad7732d9d1e45003031dd3d6295c0c4be232f99596dde34fa51e3df9"
  name = "github.com/mailru/easyjson"
  packages = [
    "buffer",
    "jlexer",
    "jwriter",
  ]
  pruneopts = ""
  revision = "1b2b06f5f209fea48ff5922d8bfb2b9ed5d8f00b"
  version = "v0.7.0"

[[projects]]
  digest = "1:9b58ad18b38cf0d44b1d006fce319e45f200eafa406fe7f65fe0d0194b9f7a9f"
  name = "github.com/mattn/go-colorable"
  packages = ["."]
  pruneopts = ""
  revision = "98ec13f34aabf44cc914c65a1cfb7b9bc815aef1"
  version = "v0.1.4"

[[projects]]
  digest = "1:5794dadc5456af270fc564d98efbfa1f3627cd6c733ca772d14409793772064f"
  name = "github.com/mattn/go-isatty"
  packages = ["."]
  pruneopts = ""
  revision = "88ba11cfdc67c7588b30042edf244b2875f892b6"
  version = "v0.0.10"

[[projects]]
  digest = "1:63722a4b1e1717be7b98fc686e0b30d5e7f734b9e93d7dee86293b6deab7ea28"
  name = "github.com/matttproud/golang_protobuf_extensions"
  packages = ["pbutil"]
  pruneopts = ""
  revision = "c12348ce28de40eed0136aa2b644d0ee0650e56c"
  version = "v1.0.1"

[[projects]]
  digest = "1:713b341855f1480e4baca1e7c5434e1d266441340685ecbde32d59bdc065fb3f"
  name = "github.com/mitchellh/go-wordwrap"
  packages = ["."]
  pruneopts = ""
  revision = "9e67c67572bc5dd02aef930e2b0ae3c02a4b5a5c"
  version = "v1.0.0"

[[projects]]
  digest = "1:0c0ff2a89c1bb0d01887e1dac043ad7efbf3ec77482ef058ac423d13497e16fd"
  name = "github.com/modern-go/concurrent"
  packages = ["."]
  pruneopts = ""
  revision = "bacd9c7ef1dd9b15be4a9909b8ac7a4e313eec94"
  version = "1.0.3"

[[projects]]
  digest = "1:e32bdbdb7c377a07a9a46378290059822efdce5c8d96fe71940d87cb4f918855"
  name = "github.com/modern-go/reflect2"
  packages = ["."]
  pruneopts = ""
  revision = "4b7aa43c6742a2c18fdef89dd197aaae7dac7ccd"
  version = "1.0.1"

[[projects]]
  digest = "1:5d9b668b0b4581a978f07e7d2e3314af18eb27b3fb5d19b70185b7c575723d11"
  name = "github.com/opencontainers/go-digest"
  packages = ["."]
  pruneopts = ""
  revision = "279bed98673dd5bef374d3b6e4b09e2af76183bf"
  version = "v1.0.0-rc1"

[[projects]]
  branch = "master"
  digest = "1:5f0faa008e8ff4221b55a1a5057c8b02cb2fd68da6a65c9e31c82b72cbc836d0"
  name = "github.com/petar/GoLLRB"
  packages = ["llrb"]
  pruneopts = ""
  revision = "33fb24c13b99c46c93183c291836c573ac382536"

[[projects]]
  digest = "1:4709c61d984ef9ba99b037b047546d8a576ae984fb49486e48d99658aa750cd5"
  name = "github.com/peterbourgon/diskv"
  packages = ["."]
  pruneopts = ""
  revision = "0be1b92a6df0e4f5cb0a5d15fb7f643d0ad93ce6"
  version = "v3.0.0"

[[projects]]
  digest = "1:1d7e1867c49a6dd9856598ef7c3123604ea3daabf5b83f303ff457bcbc410b1d"
  name = "github.com/pkg/errors"
  packages = ["."]
  pruneopts = ""
  revision = "ba968bfe8b2f7e042a574c888954fccecfa385b4"
  version = "v0.8.1"

[[projects]]
  digest = "1:256484dbbcd271f9ecebc6795b2df8cad4c458dd0f5fd82a8c2fa0c29f233411"
  name = "github.com/pmezard/go-difflib"
  packages = ["difflib"]
  pruneopts = ""
  revision = "792786c7400a136282c1664665ae0a8db921c6c2"
  version = "v1.0.0"

[[projects]]
  digest = "1:6bea0cda3fc62855d5312163e7d259fb97e31692d93c08cfffbeb2d00df0f13c"
  name = "github.com/prometheus/client_golang"
  packages = [
    "api",
    "api/prometheus/v1",
    "prometheus",
    "prometheus/internal",
    "prometheus/promhttp",
  ]
  pruneopts = ""
  revision = "170205fb58decfd011f1550d4cfb737230d7ae4f"
  version = "v1.1.0"

[[projects]]
  branch = "master"
  digest = "1:0a565f69553dd41b3de790fde3532e9237142f2637899e20cd3e7396f0c4f2f7"
  name = "github.com/prometheus/client_model"
  packages = ["go"]
  pruneopts = ""
  revision = "14fe0d1b01d4d5fc031dd4bec1823bd3ebbe8016"

[[projects]]
  digest = "1:8904acfa3ef080005c1fc0670ed0471739d1e211be5638cfa6af536b701942ae"
  name = "github.com/prometheus/common"
  packages = [
    "expfmt",
    "internal/bitbucket.org/ww/goautoneg",
    "model",
  ]
  pruneopts = ""
  revision = "287d3e634a1e550c9e463dd7e5a75a422c614505"
  version = "v0.7.0"

[[projects]]
  digest = "1:4c64aa254bc24990bc0216de9dd955ff83f061e9baac7ed2ffc293442ab7514a"
  name = "github.com/prometheus/procfs"
  packages = [
    ".",
    "internal/fs",
    "internal/util",
  ]
  pruneopts = ""
  revision = "6d489fc7f1d9cd890a250f3ea3431b1744b9623f"
  version = "v0.0.8"

[[projects]]
  digest = "1:2761e287c811d0948d47d0252b82281eca3801eb3c9d5f9530956643d5b9f430"
  name = "github.com/russross/blackfriday"
  packages = ["."]
  pruneopts = ""
  revision = "05f3235734ad95d0016f6a23902f06461fcf567a"
  version = "v1.5.2"

[[projects]]
  digest = "1:1a405cddcf3368445051fb70ab465ae99da56ad7be8d8ca7fc52159d1c2d873c"
  name = "github.com/sirupsen/logrus"
  packages = ["."]
  pruneopts = ""
  revision = "839c75faf7f98a33d445d181f3018b5c3409a45e"
  version = "v1.4.2"

[[projects]]
  digest = "1:0c63b3c7ad6d825a898f28cb854252a3b29d37700c68a117a977263f5ec94efe"
  name = "github.com/spf13/cobra"
  packages = ["."]
  pruneopts = ""
  revision = "f2b07da1e2c38d5f12845a4f607e2e1018cbb1f5"
  version = "v0.0.5"

[[projects]]
  digest = "1:688428eeb1ca80d92599eb3254bdf91b51d7e232fead3a73844c1f201a281e51"
  name = "github.com/spf13/pflag"
  packages = ["."]
  pruneopts = ""
  revision = "2e9d26c8c37aae03e3f9d4e90b7116f5accb7cab"
  version = "v1.0.5"

[[projects]]
  digest = "1:711eebe744c0151a9d09af2315f0bb729b2ec7637ef4c410fa90a18ef74b65b6"
  name = "github.com/stretchr/objx"
  packages = ["."]
  pruneopts = ""
  revision = "477a77ecc69700c7cdeb1fa9e129548e1c1c393c"
  version = "v0.1.1"

[[projects]]
  digest = "1:f7b541897bcde05a04a044c342ddc7425aab7e331f37b47fbb486cd16324b48e"
  name = "github.com/stretchr/testify"
  packages = [
    "assert",
    "mock",
  ]
  pruneopts = ""
  revision = "221dbe5ed46703ee255b1da0dec05086f5035f62"
  version = "v1.4.0"

[[projects]]
  digest = "1:857a9ecd5cb13379ecc8f798f6e6b6b574c98b9355657d91e068275f1120aaf7"
  name = "github.com/valyala/bytebufferpool"
  packages = ["."]
  pruneopts = ""
  revision = "e746df99fe4a3986f4d4f79e13c1e0117ce9c2f7"
  version = "v1.0.0"

[[projects]]
  digest = "1:c8b536f08002f0916e288eb66b7d961e3a854542f50532255a7c737edd22987a"
  name = "github.com/valyala/fasttemplate"
  packages = ["."]
  pruneopts = ""
  revision = "8fcc7a99b5795b7c3e95172237cf93282fc339a9"
  version = "v1.1.0"

[[projects]]
  branch = "master"
  digest = "1:294e6b6b426e0c2c956addcf17151a25906eb56f8d3f75b6103e6e450ed13182"
  name = "golang.org/x/crypto"
  packages = [
    "ed25519",
    "ed25519/internal/edwards25519",
    "pbkdf2",
    "ssh/terminal",
  ]
  pruneopts = ""
  revision = "b544559bb6d1b5c62fba4af5e843ff542174f079"

[[projects]]
  branch = "master"
  digest = "1:f58e146d19d1af39792c0b599b24b13de51f75b073ba52c1aa658fe535be9120"
  name = "golang.org/x/net"
  packages = [
    "context",
    "context/ctxhttp",
    "http/httpguts",
    "http2",
    "http2/hpack",
    "idna",
  ]
  pruneopts = ""
  revision = "ef20fe5d793301b553005db740f730d87993f778"

[[projects]]
  branch = "master"
  digest = "1:5dea728c174ca00e8f11af6006d614f0a093e72e713b0687a0107faa87fe1219"
  name = "golang.org/x/oauth2"
  packages = [
    ".",
    "google",
    "internal",
    "jws",
    "jwt",
  ]
  pruneopts = ""
  revision = "5d9234df094ce600ff541158d1491aa10d078a47"

[[projects]]
  branch = "master"
  digest = "1:6530ff3e6639af9bab7d2cf1e141c348e63af92058fa64d0660a6e8817d41640"
  name = "golang.org/x/sys"
  packages = [
    "unix",
    "windows",
  ]
  pruneopts = ""
  revision = "6d18c012aee9febd81bbf9806760c8c4480e870d"

[[projects]]
  digest = "1:740b51a55815493a8d0f2b1e0d0ae48fe48953bf7eaf3fcc4198823bf67768c0"
  name = "golang.org/x/text"
  packages = [
    "collate",
    "collate/build",
    "encoding",
    "encoding/internal",
    "encoding/internal/identifier",
    "encoding/unicode",
    "internal/colltab",
    "internal/gen",
    "internal/language",
    "internal/language/compact",
    "internal/tag",
    "internal/triegen",
    "internal/ucd",
    "internal/utf8internal",
    "language",
    "runes",
    "secure/bidirule",
    "transform",
    "unicode/bidi",
    "unicode/cldr",
    "unicode/norm",
    "unicode/rangetable",
    "width",
  ]
  pruneopts = ""
  revision = "342b2e1fbaa52c93f31447ad2c6abc048c63e475"
  version = "v0.3.2"

[[projects]]
  branch = "master"
  digest = "1:c43c206d0f8927031df6fc877cf58502af5ff875b76b4ceb6b617b676f7731f7"
  name = "golang.org/x/time"
  packages = ["rate"]
  pruneopts = ""
  revision = "555d28b269f0569763d25dbe1a237ae74c6bcc82"

[[projects]]
  branch = "master"
  digest = "1:a9341f466e54cd77c62428c523e7fc68764ae94a637d7ec3f50b91f8be6d6c52"
  name = "golang.org/x/tools"
  packages = [
    "go/ast/astutil",
    "go/gcexportdata",
    "go/internal/gcimporter",
    "go/internal/packagesdriver",
    "go/packages",
    "go/types/typeutil",
    "imports",
    "internal/fastwalk",
    "internal/gopathwalk",
    "internal/imports",
    "internal/module",
    "internal/semver",
    "internal/span",
  ]
  pruneopts = ""
  revision = "6e064ea0cf2dcfaca8da2da9f42da458bab38756"

[[projects]]
  digest = "1:c4404231035fad619a12f82ae3f0f8f9edc1cc7f34e7edad7a28ccac5336cc96"
  name = "google.golang.org/appengine"
  packages = [
    ".",
    "internal",
    "internal/app_identity",
    "internal/base",
    "internal/datastore",
    "internal/log",
    "internal/modules",
    "internal/remote_api",
    "internal/urlfetch",
    "urlfetch",
  ]
  pruneopts = ""
  revision = "971852bfffca25b069c31162ae8f247a3dba083b"
  version = "v1.6.5"

[[projects]]
  digest = "1:75fb3fcfc73a8c723efde7777b40e8e8ff9babf30d8c56160d01beffea8a95a6"
  name = "gopkg.in/inf.v0"
  packages = ["."]
  pruneopts = ""
  revision = "d2d2541c53f18d2a059457998ce2876cc8e67cbf"
  version = "v0.9.1"

[[projects]]
  digest = "1:ba3a06e718d7af979eb34dbb0f6bcb29754ceee7fdb4f257542652a74c67fb2d"
  name = "gopkg.in/square/go-jose.v2"
  packages = [
    ".",
    "cipher",
    "json",
    "jwt",
  ]
  pruneopts = ""
  revision = "8fd82ff1d52a5162ff23c0a48e2c64a1fa4a3f8f"
  version = "v2.4.0"

[[projects]]
  digest = "1:5a53f6ef09fb1ac261a97f8a72e8837ff53cbaa969022a6679da210e4cbe9b0f"
  name = "gopkg.in/yaml.v2"
  packages = ["."]
  pruneopts = ""
  revision = "1f64d6156d11335c3f22d9330b0ad14fc1e789ce"
  version = "v2.2.7"

[[projects]]
  branch = "release-1.17"
  digest = "1:56e60433de6cd760ef423329df7ee112fe5020198dc8efb1858be27de59626ef"
  name = "k8s.io/api"
  packages = [
    "admission/v1",
    "admission/v1beta1",
    "admissionregistration/v1",
    "admissionregistration/v1beta1",
    "apps/v1",
    "apps/v1beta1",
    "apps/v1beta2",
    "auditregistration/v1alpha1",
    "authentication/v1",
    "authentication/v1beta1",
    "authorization/v1",
    "authorization/v1beta1",
    "autoscaling/v1",
    "autoscaling/v2beta1",
    "autoscaling/v2beta2",
    "batch/v1",
    "batch/v1beta1",
    "batch/v2alpha1",
    "certificates/v1beta1",
    "coordination/v1",
    "coordination/v1beta1",
    "core/v1",
    "discovery/v1alpha1",
    "discovery/v1beta1",
    "events/v1beta1",
    "extensions/v1beta1",
    "flowcontrol/v1alpha1",
    "imagepolicy/v1alpha1",
    "networking/v1",
    "networking/v1beta1",
    "node/v1alpha1",
    "node/v1beta1",
    "policy/v1beta1",
    "rbac/v1",
    "rbac/v1alpha1",
    "rbac/v1beta1",
    "scheduling/v1",
    "scheduling/v1alpha1",
    "scheduling/v1beta1",
    "settings/v1alpha1",
    "storage/v1",
    "storage/v1alpha1",
    "storage/v1beta1",
  ]
  pruneopts = ""
  revision = "4ed536977f46736ee9334e6e29097551f17e8211"

[[projects]]
  branch = "release-1.17"
  digest = "1:f49350d53ae2982ec596f0d4936e12750fb7329891a9eba38db7e441539b4eb7"
  name = "k8s.io/apiextensions-apiserver"
  packages = [
    "pkg/apis/apiextensions",
    "pkg/apis/apiextensions/v1beta1",
    "pkg/features",
  ]
  pruneopts = ""
  revision = "a52f1408cb2530e556fdff6b872021b4947dada7"

[[projects]]
  branch = "release-1.17"
  digest = "1:ebe6841dab09284a758103248a80009c7512074ed8bede2ef5b25d42cd90ba80"
  name = "k8s.io/apimachinery"
  packages = [
    "pkg/api/equality",
    "pkg/api/errors",
    "pkg/api/meta",
    "pkg/api/meta/testrestmapper",
    "pkg/api/resource",
    "pkg/api/validation",
    "pkg/apis/meta/internalversion",
    "pkg/apis/meta/internalversion/scheme",
    "pkg/apis/meta/v1",
    "pkg/apis/meta/v1/unstructured",
    "pkg/apis/meta/v1/unstructured/unstructuredscheme",
    "pkg/apis/meta/v1/validation",
    "pkg/apis/meta/v1beta1",
    "pkg/conversion",
    "pkg/conversion/queryparams",
    "pkg/fields",
    "pkg/labels",
    "pkg/runtime",
    "pkg/runtime/schema",
    "pkg/runtime/serializer",
    "pkg/runtime/serializer/json",
    "pkg/runtime/serializer/protobuf",
    "pkg/runtime/serializer/recognizer",
    "pkg/runtime/serializer/streaming",
    "pkg/runtime/serializer/versioning",
    "pkg/selection",
    "pkg/types",
    "pkg/util/cache",
    "pkg/util/clock",
    "pkg/util/diff",
    "pkg/util/duration",
    "pkg/util/errors",
    "pkg/util/framer",
    "pkg/util/httpstream",
    "pkg/util/httpstream/spdy",
    "pkg/util/intstr",
    "pkg/util/json",
    "pkg/util/mergepatch",
    "pkg/util/naming",
    "pkg/util/net",
    "pkg/util/rand",
    "pkg/util/remotecommand",
    "pkg/util/runtime",
    "pkg/util/sets",
    "pkg/util/strategicpatch",
    "pkg/util/uuid",
    "pkg/util/validation",
    "pkg/util/validation/field",
    "pkg/util/version",
    "pkg/util/wait",
    "pkg/util/yaml",
    "pkg/version",
    "pkg/watch",
    "third_party/forked/golang/json",
    "third_party/forked/golang/netutil",
    "third_party/forked/golang/reflect",
  ]
  pruneopts = ""
  revision = "79c2a76c473a20cdc4ce59cae4b72529b5d9d16b"

[[projects]]
  branch = "release-1.17"
  digest = "1:0e551a2cb3e79f93d644e88dbaad469b4b1540054e0c30cb7432b7e6f1c013e9"
  name = "k8s.io/apiserver"
  packages = [
    "pkg/authentication/authenticator",
    "pkg/authentication/serviceaccount",
    "pkg/authentication/user",
    "pkg/features",
    "pkg/storage/names",
    "pkg/util/feature",
  ]
  pruneopts = ""
  revision = "5a28f8b2ad8e9028a7bfb77c3fb149a8f3fb71bb"

[[projects]]
  branch = "release-1.17"
  digest = "1:8fbb3cdb703a9c3ab0da305ae057dc2929233769e41a2f1a01a46f61a720a751"
  name = "k8s.io/cli-runtime"
  packages = [
    "pkg/genericclioptions",
    "pkg/kustomize",
    "pkg/kustomize/k8sdeps",
    "pkg/kustomize/k8sdeps/configmapandsecret",
    "pkg/kustomize/k8sdeps/kunstruct",
    "pkg/kustomize/k8sdeps/kv",
    "pkg/kustomize/k8sdeps/transformer",
    "pkg/kustomize/k8sdeps/transformer/hash",
    "pkg/kustomize/k8sdeps/transformer/patch",
    "pkg/kustomize/k8sdeps/validator",
    "pkg/printers",
    "pkg/resource",
  ]
  pruneopts = ""
  revision = "0b9013f67e6cd086bccd6773f4a4d03b567212d9"

[[projects]]
  branch = "release-14.0"
  digest = "1:3757a99a03f5907565e068354433cdb00b5ad5c0cd7468c575c39b0248dd562e"
  name = "k8s.io/client-go"
  packages = [
    "discovery",
    "discovery/cached/disk",
    "discovery/fake",
    "dynamic",
    "dynamic/fake",
    "informers",
    "informers/admissionregistration",
    "informers/admissionregistration/v1",
    "informers/admissionregistration/v1beta1",
    "informers/apps",
    "informers/apps/v1",
    "informers/apps/v1beta1",
    "informers/apps/v1beta2",
    "informers/auditregistration",
    "informers/auditregistration/v1alpha1",
    "informers/autoscaling",
    "informers/autoscaling/v1",
    "informers/autoscaling/v2beta1",
    "informers/autoscaling/v2beta2",
    "informers/batch",
    "informers/batch/v1",
    "informers/batch/v1beta1",
    "informers/batch/v2alpha1",
    "informers/certificates",
    "informers/certificates/v1beta1",
    "informers/coordination",
    "informers/coordination/v1",
    "informers/coordination/v1beta1",
    "informers/core",
    "informers/core/v1",
    "informers/discovery",
    "informers/discovery/v1alpha1",
    "informers/discovery/v1beta1",
    "informers/events",
    "informers/events/v1beta1",
    "informers/extensions",
    "informers/extensions/v1beta1",
    "informers/flowcontrol",
    "informers/flowcontrol/v1alpha1",
    "informers/internalinterfaces",
    "informers/networking",
    "informers/networking/v1",
    "informers/networking/v1beta1",
    "informers/node",
    "informers/node/v1alpha1",
    "informers/node/v1beta1",
    "informers/policy",
    "informers/policy/v1beta1",
    "informers/rbac",
    "informers/rbac/v1",
    "informers/rbac/v1alpha1",
    "informers/rbac/v1beta1",
    "informers/scheduling",
    "informers/scheduling/v1",
    "informers/scheduling/v1alpha1",
    "informers/scheduling/v1beta1",
    "informers/settings",
    "informers/settings/v1alpha1",
    "informers/storage",
    "informers/storage/v1",
    "informers/storage/v1alpha1",
    "informers/storage/v1beta1",
    "kubernetes",
    "kubernetes/fake",
    "kubernetes/scheme",
    "kubernetes/typed/admissionregistration/v1",
    "kubernetes/typed/admissionregistration/v1/fake",
    "kubernetes/typed/admissionregistration/v1beta1",
    "kubernetes/typed/admissionregistration/v1beta1/fake",
    "kubernetes/typed/apps/v1",
    "kubernetes/typed/apps/v1/fake",
    "kubernetes/typed/apps/v1beta1",
    "kubernetes/typed/apps/v1beta1/fake",
    "kubernetes/typed/apps/v1beta2",
    "kubernetes/typed/apps/v1beta2/fake",
    "kubernetes/typed/auditregistration/v1alpha1",
    "kubernetes/typed/auditregistration/v1alpha1/fake",
    "kubernetes/typed/authentication/v1",
    "kubernetes/typed/authentication/v1/fake",
    "kubernetes/typed/authentication/v1beta1",
    "kubernetes/typed/authentication/v1beta1/fake",
    "kubernetes/typed/authorization/v1",
    "kubernetes/typed/authorization/v1/fake",
    "kubernetes/typed/authorization/v1beta1",
    "kubernetes/typed/authorization/v1beta1/fake",
    "kubernetes/typed/autoscaling/v1",
    "kubernetes/typed/autoscaling/v1/fake",
    "kubernetes/typed/autoscaling/v2beta1",
    "kubernetes/typed/autoscaling/v2beta1/fake",
    "kubernetes/typed/autoscaling/v2beta2",
    "kubernetes/typed/autoscaling/v2beta2/fake",
    "kubernetes/typed/batch/v1",
    "kubernetes/typed/batch/v1/fake",
    "kubernetes/typed/batch/v1beta1",
    "kubernetes/typed/batch/v1beta1/fake",
    "kubernetes/typed/batch/v2alpha1",
    "kubernetes/typed/batch/v2alpha1/fake",
    "kubernetes/typed/certificates/v1beta1",
    "kubernetes/typed/certificates/v1beta1/fake",
    "kubernetes/typed/coordination/v1",
    "kubernetes/typed/coordination/v1/fake",
    "kubernetes/typed/coordination/v1beta1",
    "kubernetes/typed/coordination/v1beta1/fake",
    "kubernetes/typed/core/v1",
    "kubernetes/typed/core/v1/fake",
    "kubernetes/typed/discovery/v1alpha1",
    "kubernetes/typed/discovery/v1alpha1/fake",
    "kubernetes/typed/discovery/v1beta1",
    "kubernetes/typed/discovery/v1beta1/fake",
    "kubernetes/typed/events/v1beta1",
    "kubernetes/typed/events/v1beta1/fake",
    "kubernetes/typed/extensions/v1beta1",
    "kubernetes/typed/extensions/v1beta1/fake",
    "kubernetes/typed/flowcontrol/v1alpha1",
    "kubernetes/typed/flowcontrol/v1alpha1/fake",
    "kubernetes/typed/networking/v1",
    "kubernetes/typed/networking/v1/fake",
    "kubernetes/typed/networking/v1beta1",
    "kubernetes/typed/networking/v1beta1/fake",
    "kubernetes/typed/node/v1alpha1",
    "kubernetes/typed/node/v1alpha1/fake",
    "kubernetes/typed/node/v1beta1",
    "kubernetes/typed/node/v1beta1/fake",
    "kubernetes/typed/policy/v1beta1",
    "kubernetes/typed/policy/v1beta1/fake",
    "kubernetes/typed/rbac/v1",
    "kubernetes/typed/rbac/v1/fake",
    "kubernetes/typed/rbac/v1alpha1",
    "kubernetes/typed/rbac/v1alpha1/fake",
    "kubernetes/typed/rbac/v1beta1",
    "kubernetes/typed/rbac/v1beta1/fake",
    "kubernetes/typed/scheduling/v1",
    "kubernetes/typed/scheduling/v1/fake",
    "kubernetes/typed/scheduling/v1alpha1",
    "kubernetes/typed/scheduling/v1alpha1/fake",
    "kubernetes/typed/scheduling/v1beta1",
    "kubernetes/typed/scheduling/v1beta1/fake",
    "kubernetes/typed/settings/v1alpha1",
    "kubernetes/typed/settings/v1alpha1/fake",
    "kubernetes/typed/storage/v1",
    "kubernetes/typed/storage/v1/fake",
    "kubernetes/typed/storage/v1alpha1",
    "kubernetes/typed/storage/v1alpha1/fake",
    "kubernetes/typed/storage/v1beta1",
    "kubernetes/typed/storage/v1beta1/fake",
    "listers/admissionregistration/v1",
    "listers/admissionregistration/v1beta1",
    "listers/apps/v1",
    "listers/apps/v1beta1",
    "listers/apps/v1beta2",
    "listers/auditregistration/v1alpha1",
    "listers/autoscaling/v1",
    "listers/autoscaling/v2beta1",
    "listers/autoscaling/v2beta2",
    "listers/batch/v1",
    "listers/batch/v1beta1",
    "listers/batch/v2alpha1",
    "listers/certificates/v1beta1",
    "listers/coordination/v1",
    "listers/coordination/v1beta1",
    "listers/core/v1",
    "listers/discovery/v1alpha1",
    "listers/discovery/v1beta1",
    "listers/events/v1beta1",
    "listers/extensions/v1beta1",
    "listers/flowcontrol/v1alpha1",
    "listers/networking/v1",
    "listers/networking/v1beta1",
    "listers/node/v1alpha1",
    "listers/node/v1beta1",
    "listers/policy/v1beta1",
    "listers/rbac/v1",
    "listers/rbac/v1alpha1",
    "listers/rbac/v1beta1",
    "listers/scheduling/v1",
    "listers/scheduling/v1alpha1",
    "listers/scheduling/v1beta1",
    "listers/settings/v1alpha1",
    "listers/storage/v1",
    "listers/storage/v1alpha1",
    "listers/storage/v1beta1",
    "metadata",
    "metadata/metadatainformer",
    "metadata/metadatalister",
    "pkg/apis/clientauthentication",
    "pkg/apis/clientauthentication/v1alpha1",
    "pkg/apis/clientauthentication/v1beta1",
    "pkg/version",
    "plugin/pkg/client/auth/exec",
    "plugin/pkg/client/auth/gcp",
    "plugin/pkg/client/auth/oidc",
    "rest",
    "rest/fake",
    "rest/watch",
    "restmapper",
    "scale",
    "scale/scheme",
    "scale/scheme/appsint",
    "scale/scheme/appsv1beta1",
    "scale/scheme/appsv1beta2",
    "scale/scheme/autoscalingv1",
    "scale/scheme/extensionsint",
    "scale/scheme/extensionsv1beta1",
    "testing",
    "third_party/forked/golang/template",
    "tools/auth",
    "tools/cache",
    "tools/clientcmd",
    "tools/clientcmd/api",
    "tools/clientcmd/api/latest",
    "tools/clientcmd/api/v1",
    "tools/metrics",
    "tools/pager",
    "tools/record",
    "tools/record/util",
    "tools/reference",
    "tools/remotecommand",
    "tools/watch",
    "transport",
    "transport/spdy",
    "util/cert",
    "util/connrotation",
    "util/exec",
    "util/flowcontrol",
    "util/homedir",
    "util/jsonpath",
    "util/keyutil",
    "util/retry",
    "util/workqueue",
  ]
  pruneopts = ""
  revision = "3a262fe58afa1b373d52d77e9f44e09355de0c82"

[[projects]]
  branch = "master"
  digest = "1:00b6bba6e1264189d3ad10486b82f16f5954ef031b1160e594b93fed62bd413d"
  name = "k8s.io/cluster-bootstrap"
  packages = [
    "token/api",
    "token/util",
    "util/secrets",
  ]
  pruneopts = ""
  revision = "9cd964a09fe2d3597f2f7071b10d8c9beaeffc06"

[[projects]]
  branch = "release-1.17"
  digest = "1:ca606588d89081ab930c37f9f6754c94e919fe24f8c80f92550bcde9b80b8438"
  name = "k8s.io/code-generator"
  packages = [
    "cmd/client-gen",
    "cmd/client-gen/args",
    "cmd/client-gen/generators",
    "cmd/client-gen/generators/fake",
    "cmd/client-gen/generators/scheme",
    "cmd/client-gen/generators/util",
    "cmd/client-gen/path",
    "cmd/client-gen/types",
    "pkg/namer",
    "pkg/util",
  ]
  pruneopts = ""
  revision = "e95606b614f049ef6087115cb340d8d5805b8da7"

[[projects]]
  branch = "master"
  digest = "1:b7b8ac6452811e1a2d7bc1a80336c2c51eb228c5c65574bf6d84eed3b7e0c8ff"
  name = "k8s.io/component-base"
  packages = [
    "config",
    "config/v1alpha1",
    "featuregate",
    "version",
  ]
  pruneopts = ""
  revision = "9e57f2cf1edade764d8307c4f3d4073e204d46de"

[[projects]]
  branch = "master"
  digest = "1:c75b39778d0f13a692738ff3029c0a211f8be840bbdfb912dc47544d45c188ac"
  name = "k8s.io/gengo"
  packages = [
    "args",
    "examples/set-gen/sets",
    "generator",
    "namer",
    "parser",
    "types",
  ]
  pruneopts = ""
  revision = "e74f70b9b27e1167f8aba52265fe03a6805efdcd"

[[projects]]
  digest = "1:7ce71844fcaaabcbe09a392902edb5790ddca3a7070ae8d20830dc6dbe2751af"
  name = "k8s.io/klog"
  packages = ["."]
  pruneopts = ""
  revision = "2ca9ad30301bf30a8a6e0fa2110db6b8df699a91"
  version = "v1.0.0"

[[projects]]
  branch = "master"
  digest = "1:16a343bd9d820ae320de4d1eaa8acc7a214aac4b38fb21d03255d3a457d861df"
  name = "k8s.io/kube-openapi"
  packages = [
    "cmd/openapi-gen",
    "cmd/openapi-gen/args",
    "pkg/common",
    "pkg/generators",
    "pkg/generators/rules",
    "pkg/util/proto",
    "pkg/util/proto/testing",
    "pkg/util/proto/validation",
    "pkg/util/sets",
  ]
  pruneopts = ""
  revision = "30be4d16710ac61bce31eb28a01054596fe6a9f1"

[[projects]]
  branch = "master"
  digest = "1:08747027bb8eb57fc7694289abdb1cc0e57cadc413ba4e1f3b8483dd53171b90"
  name = "k8s.io/kube-proxy"
  packages = ["config/v1alpha1"]
  pruneopts = ""
  revision = "f5c1e18580248d7240c9a3bf1c4a3c424126f1f4"

[[projects]]
  branch = "release-1.17"
  digest = "1:caf7117fae0618d93a517db3a3058ebeedfdea5ff6b4937c5164bc993c4df5a0"
  name = "k8s.io/kubectl"
  packages = [
    "pkg/cmd/testing",
    "pkg/cmd/util",
    "pkg/scheme",
    "pkg/util/interrupt",
    "pkg/util/openapi",
    "pkg/util/openapi/testing",
    "pkg/util/openapi/validation",
    "pkg/util/templates",
    "pkg/util/term",
    "pkg/validation",
  ]
  pruneopts = ""
  revision = "2be0bc77e782f4bf3c3c1dd64d63c24e37a74e67"

[[projects]]
  branch = "master"
  digest = "1:b7190022a979a6fd5593e2a5c7c7c4d9aa53c7bd225646b5196097da7b1df4e4"
  name = "k8s.io/kubelet"
  packages = ["config/v1beta1"]
  pruneopts = ""
  revision = "1af7323de76f8169903bcd0baf047ab3ca690059"

[[projects]]
  branch = "release-1.17"
  digest = "1:48d253b36b32f162381524a3651af65b64756cdac9250c884b20b9d78467307d"
  name = "k8s.io/kubernetes"
  packages = [
    "cmd/kubeadm/app/apis/kubeadm",
    "cmd/kubeadm/app/constants",
    "cmd/kubeadm/app/util",
    "pkg/api/legacyscheme",
    "pkg/api/service",
    "pkg/api/v1/pod",
    "pkg/apis/apps",
    "pkg/apis/autoscaling",
    "pkg/apis/core",
    "pkg/apis/core/helper",
    "pkg/apis/core/install",
    "pkg/apis/core/pods",
    "pkg/apis/core/v1",
    "pkg/apis/core/v1/helper",
    "pkg/apis/core/validation",
    "pkg/apis/scheduling",
    "pkg/capabilities",
    "pkg/controller",
    "pkg/features",
    "pkg/fieldpath",
    "pkg/kubelet/types",
    "pkg/master/ports",
    "pkg/security/apparmor",
    "pkg/serviceaccount",
    "pkg/util/hash",
    "pkg/util/labels",
    "pkg/util/node",
    "pkg/util/parsers",
    "pkg/util/taints",
  ]
  pruneopts = ""
  revision = "7041fe06b91759007a05edd1b3a1089e14e53090"

[[projects]]
  branch = "master"
  digest = "1:a8a2e6bbef691323b833d0eb11bb0e570e7eb9619ac76f7b11265530e1cac922"
  name = "k8s.io/utils"
  packages = [
    "buffer",
    "exec",
    "integer",
    "net",
    "path",
    "pointer",
    "trace",
  ]
  pruneopts = ""
  revision = "6ca3b61696b65b0e81f1a39b4937fc2d2994ed6a"

[[projects]]
  digest = "1:0b2daace3dcced8712072529b621360cf520f3c2ead92d755f35a0ec8dca2714"
  name = "sigs.k8s.io/kustomize"
  packages = [
    "pkg/commands/build",
    "pkg/constants",
    "pkg/expansion",
    "pkg/factory",
    "pkg/fs",
    "pkg/git",
    "pkg/gvk",
    "pkg/ifc",
    "pkg/ifc/transformer",
    "pkg/image",
    "pkg/internal/error",
    "pkg/loader",
    "pkg/patch",
    "pkg/patch/transformer",
    "pkg/resid",
    "pkg/resmap",
    "pkg/resource",
    "pkg/target",
    "pkg/transformers",
    "pkg/transformers/config",
    "pkg/transformers/config/defaultconfig",
    "pkg/types",
  ]
  pruneopts = ""
  revision = "a6f65144121d1955266b0cd836ce954c04122dc8"
  version = "v2.0.3"

[[projects]]
  digest = "1:321081b4a44256715f2b68411d8eda9a17f17ebfe6f0cc61d2cc52d11c08acfa"
  name = "sigs.k8s.io/yaml"
  packages = ["."]
  pruneopts = ""
  revision = "fd68e9863619f6ec2fdd8625fe1f02e7c877e480"
  version = "v1.1.0"

[solve-meta]
  analyzer-name = "dep"
  analyzer-version = 1
  input-imports = [
    "github.com/antonmedv/expr",
    "github.com/bouk/monkey",
    "github.com/emicklei/go-restful",
    "github.com/ghodss/yaml",
    "github.com/go-openapi/spec",
    "github.com/juju/ansiterm",
    "github.com/pkg/errors",
    "github.com/prometheus/client_golang/api",
    "github.com/prometheus/client_golang/api/prometheus/v1",
    "github.com/prometheus/client_golang/prometheus",
    "github.com/prometheus/client_golang/prometheus/promhttp",
    "github.com/prometheus/common/model",
    "github.com/sirupsen/logrus",
    "github.com/spf13/cobra",
    "github.com/stretchr/testify/assert",
    "github.com/stretchr/testify/mock",
    "github.com/valyala/fasttemplate",
    "k8s.io/api/apps/v1",
    "k8s.io/api/batch/v1",
    "k8s.io/api/core/v1",
    "k8s.io/apiextensions-apiserver/pkg/apis/apiextensions/v1beta1",
    "k8s.io/apimachinery/pkg/api/equality",
    "k8s.io/apimachinery/pkg/api/errors",
    "k8s.io/apimachinery/pkg/api/meta",
    "k8s.io/apimachinery/pkg/apis/meta/v1",
    "k8s.io/apimachinery/pkg/apis/meta/v1/unstructured",
    "k8s.io/apimachinery/pkg/fields",
    "k8s.io/apimachinery/pkg/labels",
    "k8s.io/apimachinery/pkg/runtime",
    "k8s.io/apimachinery/pkg/runtime/schema",
    "k8s.io/apimachinery/pkg/runtime/serializer",
    "k8s.io/apimachinery/pkg/types",
    "k8s.io/apimachinery/pkg/util/duration",
    "k8s.io/apimachinery/pkg/util/intstr",
    "k8s.io/apimachinery/pkg/util/rand",
    "k8s.io/apimachinery/pkg/util/runtime",
    "k8s.io/apimachinery/pkg/util/strategicpatch",
    "k8s.io/apimachinery/pkg/util/uuid",
    "k8s.io/apimachinery/pkg/util/validation",
    "k8s.io/apimachinery/pkg/util/wait",
    "k8s.io/apimachinery/pkg/watch",
    "k8s.io/apiserver/pkg/storage/names",
    "k8s.io/cli-runtime/pkg/genericclioptions",
    "k8s.io/client-go/discovery",
    "k8s.io/client-go/discovery/fake",
    "k8s.io/client-go/informers",
    "k8s.io/client-go/informers/apps/v1",
    "k8s.io/client-go/informers/batch/v1",
    "k8s.io/client-go/informers/core/v1",
    "k8s.io/client-go/kubernetes",
    "k8s.io/client-go/kubernetes/fake",
    "k8s.io/client-go/kubernetes/scheme",
    "k8s.io/client-go/kubernetes/typed/core/v1",
    "k8s.io/client-go/listers/apps/v1",
    "k8s.io/client-go/listers/batch/v1",
    "k8s.io/client-go/listers/core/v1",
    "k8s.io/client-go/plugin/pkg/client/auth/gcp",
    "k8s.io/client-go/plugin/pkg/client/auth/oidc",
    "k8s.io/client-go/rest",
    "k8s.io/client-go/testing",
    "k8s.io/client-go/tools/cache",
    "k8s.io/client-go/tools/clientcmd",
    "k8s.io/client-go/tools/record",
    "k8s.io/client-go/util/flowcontrol",
    "k8s.io/client-go/util/workqueue",
    "k8s.io/code-generator/cmd/client-gen",
    "k8s.io/klog",
    "k8s.io/kube-openapi/cmd/openapi-gen",
    "k8s.io/kube-openapi/pkg/common",
    "k8s.io/kubectl/pkg/cmd/testing",
    "k8s.io/kubernetes/cmd/kubeadm/app/util",
    "k8s.io/kubernetes/pkg/apis/core/v1",
    "k8s.io/kubernetes/pkg/controller",
    "k8s.io/kubernetes/pkg/util/hash",
    "k8s.io/kubernetes/pkg/util/labels",
    "k8s.io/kubernetes/pkg/util/node",
    "k8s.io/utils/pointer",
  ]
  solver-name = "gps-cdcl"
  solver-version = 1
